
Microsoft Visual Studio Solution File, Format Version 12.00
# Visual Studio Version 17
VisualStudioVersion = 17.5.33414.496
MinimumVisualStudioVersion = 10.0.40219.1
Project("{FAE04EC0-301F-11D3-BF4B-00C04F79EFBC}") = "LinqColeccion", "LinqColeccion\LinqColeccion.csproj", "{358A6285-3E36-4959-9AF7-D27E7FB6E0AC}"
EndProject
Global
	GlobalSection(SolutionConfigurationPlatforms) = preSolution
		Debug|Any CPU = Debug|Any CPU
		Release|Any CPU = Release|Any CPU
	EndGlobalSection
	GlobalSection(ProjectConfigurationPlatforms) = postSolution
		{358A6285-3E36-4959-9AF7-D27E7FB6E0AC}.Debug|Any CPU.ActiveCfg = Debug|Any CPU
		{358A6285-3E36-4959-9AF7-D27E7FB6E0AC}.Debug|Any CPU.Build.0 = Debug|Any CPU
		{358A6285-3E36-4959-9AF7-D27E7FB6E0AC}.Release|Any CPU.ActiveCfg = Release|Any CPU
		{358A6285-3E36-4959-9AF7-D27E7FB6E0AC}.Release|Any CPU.Build.0 = Release|Any CPU
	EndGlobalSection
	GlobalSection(SolutionProperties) = preSolution
		HideSolutionNode = FALSE
	EndGlobalSection
	GlobalSection(ExtensibilityGlobals) = postSolution
		SolutionGuid = {42FB960C-F59F-4595-ADC1-43D65ABE3F2D}
	EndGlobalSection
EndGlobal
